{
  "lockfileVersion": 1,
  "configVersion": 0,
  "workspaces": {
    "": {
      "name": "astal-shell",
      "dependencies": {
        "astal": "/home/jeff/.local/share/ags",
        "postcss": "^8.5.2",
        "postcss-apply": "^0.12.0",
        "postcss-calc": "^10.1.1",
        "postcss-cli": "^11.0.0",
        "postcss-color-alpha": "^2.0.0",
        "postcss-custom-properties": "^14.0.4",
        "postcss-discard": "^2.0.0",
        "postcss-import": "^16.1.0",
        "postcss-nested": "^7.0.2",
        "postcss-preset-env": "^10.1.4",
      },
    },
  },
  "packages": {
    "@csstools/cascade-layer-name-parser": ["@csstools/cascade-layer-name-parser@2.0.4", "", { "peerDependencies": { "@csstools/css-parser-algorithms": "^3.0.4", "@csstools/css-tokenizer": "^3.0.3" } }, "sha512-7DFHlPuIxviKYZrOiwVU/PiHLm3lLUR23OMuEEtfEOQTOp9hzQ2JjdY6X5H18RVuUPJqSCI+qNnD5iOLMVE0bA=="],

    "@csstools/color-helpers": ["@csstools/color-helpers@5.0.1", "", {}, "sha512-MKtmkA0BX87PKaO1NFRTFH+UnkgnmySQOvNxJubsadusqPEC2aJ9MOQiMceZJJ6oitUl/i0L6u0M1IrmAOmgBA=="],

    "@csstools/css-calc": ["@csstools/css-calc@2.1.1", "", { "peerDependencies": { "@csstools/css-parser-algorithms": "^3.0.4", "@csstools/css-tokenizer": "^3.0.3" } }, "sha512-rL7kaUnTkL9K+Cvo2pnCieqNpTKgQzy5f+N+5Iuko9HAoasP+xgprVh7KN/MaJVvVL1l0EzQq2MoqBHKSrDrag=="],

    "@csstools/css-color-parser": ["@csstools/css-color-parser@3.0.7", "", { "dependencies": { "@csstools/color-helpers": "^5.0.1", "@csstools/css-calc": "^2.1.1" }, "peerDependencies": { "@csstools/css-parser-algorithms": "^3.0.4", "@csstools/css-tokenizer": "^3.0.3" } }, "sha512-nkMp2mTICw32uE5NN+EsJ4f5N+IGFeCFu4bGpiKgb2Pq/7J/MpyLBeQ5ry4KKtRFZaYs6sTmcMYrSRIyj5DFKA=="],

    "@csstools/css-parser-algorithms": ["@csstools/css-parser-algorithms@3.0.4", "", { "peerDependencies": { "@csstools/css-tokenizer": "^3.0.3" } }, "sha512-Up7rBoV77rv29d3uKHUIVubz1BTcgyUK72IvCQAbfbMv584xHcGKCKbWh7i8hPrRJ7qU4Y8IO3IY9m+iTB7P3A=="],

    "@csstools/css-tokenizer": ["@csstools/css-tokenizer@3.0.3", "", {}, "sha512-UJnjoFsmxfKUdNYdWgOB0mWUypuLvAfQPH1+pyvRJs6euowbFkFC6P13w1l8mJyi3vxYMxc9kld5jZEGRQs6bw=="],

    "@csstools/media-query-list-parser": ["@csstools/media-query-list-parser@4.0.2", "", { "peerDependencies": { "@csstools/css-parser-algorithms": "^3.0.4", "@csstools/css-tokenizer": "^3.0.3" } }, "sha512-EUos465uvVvMJehckATTlNqGj4UJWkTmdWuDMjqvSUkjGpmOyFZBVwb4knxCm/k2GMTXY+c/5RkdndzFYWeX5A=="],

    "@csstools/postcss-cascade-layers": ["@csstools/postcss-cascade-layers@5.0.1", "", { "dependencies": { "@csstools/selector-specificity": "^5.0.0", "postcss-selector-parser": "^7.0.0" }, "peerDependencies": { "postcss": "^8.4" } }, "sha512-XOfhI7GShVcKiKwmPAnWSqd2tBR0uxt+runAxttbSp/LY2U16yAVPmAf7e9q4JJ0d+xMNmpwNDLBXnmRCl3HMQ=="],

    "@csstools/postcss-color-function": ["@csstools/postcss-color-function@4.0.7", "", { "dependencies": { "@csstools/css-color-parser": "^3.0.7", "@csstools/css-parser-algorithms": "^3.0.4", "@csstools/css-tokenizer": "^3.0.3", "@csstools/postcss-progressive-custom-properties": "^4.0.0", "@csstools/utilities": "^2.0.0" }, "peerDependencies": { "postcss": "^8.4" } }, "sha512-aDHYmhNIHR6iLw4ElWhf+tRqqaXwKnMl0YsQ/X105Zc4dQwe6yJpMrTN6BwOoESrkDjOYMOfORviSSLeDTJkdQ=="],

    "@csstools/postcss-color-mix-function": ["@csstools/postcss-color-mix-function@3.0.7", "", { "dependencies": { "@csstools/css-color-parser": "^3.0.7", "@csstools/css-parser-algorithms": "^3.0.4", "@csstools/css-tokenizer": "^3.0.3", "@csstools/postcss-progressive-custom-properties": "^4.0.0", "@csstools/utilities": "^2.0.0" }, "peerDependencies": { "postcss": "^8.4" } }, "sha512-e68Nev4CxZYCLcrfWhHH4u/N1YocOfTmw67/kVX5Rb7rnguqqLyxPjhHWjSBX8o4bmyuukmNf3wrUSU3//kT7g=="],

    "@csstools/postcss-content-alt-text": ["@csstools/postcss-content-alt-text@2.0.4", "", { "dependencies": { "@csstools/css-parser-algorithms": "^3.0.4", "@csstools/css-tokenizer": "^3.0.3", "@csstools/postcss-progressive-custom-properties": "^4.0.0", "@csstools/utilities": "^2.0.0" }, "peerDependencies": { "postcss": "^8.4" } }, "sha512-YItlZUOuZJCBlRaCf8Aucc1lgN41qYGALMly0qQllrxYJhiyzlI6RxOTMUvtWk+KhS8GphMDsDhKQ7KTPfEMSw=="],

    "@csstools/postcss-exponential-functions": ["@csstools/postcss-exponential-functions@2.0.6", "", { "dependencies": { "@csstools/css-calc": "^2.1.1", "@csstools/css-parser-algorithms": "^3.0.4", "@csstools/css-tokenizer": "^3.0.3" }, "peerDependencies": { "postcss": "^8.4" } }, "sha512-IgJA5DQsQLu/upA3HcdvC6xEMR051ufebBTIXZ5E9/9iiaA7juXWz1ceYj814lnDYP/7eWjZnw0grRJlX4eI6g=="],

    "@csstools/postcss-font-format-keywords": ["@csstools/postcss-font-format-keywords@4.0.0", "", { "dependencies": { "@csstools/utilities": "^2.0.0", "postcss-value-parser": "^4.2.0" }, "peerDependencies": { "postcss": "^8.4" } }, "sha512-usBzw9aCRDvchpok6C+4TXC57btc4bJtmKQWOHQxOVKen1ZfVqBUuCZ/wuqdX5GHsD0NRSr9XTP+5ID1ZZQBXw=="],

    "@csstools/postcss-gamut-mapping": ["@csstools/postcss-gamut-mapping@2.0.7", "", { "dependencies": { "@csstools/css-color-parser": "^3.0.7", "@csstools/css-parser-algorithms": "^3.0.4", "@csstools/css-tokenizer": "^3.0.3" }, "peerDependencies": { "postcss": "^8.4" } }, "sha512-gzFEZPoOkY0HqGdyeBXR3JP218Owr683u7KOZazTK7tQZBE8s2yhg06W1tshOqk7R7SWvw9gkw2TQogKpIW8Xw=="],

    "@csstools/postcss-gradients-interpolation-method": ["@csstools/postcss-gradients-interpolation-method@5.0.7", "", { "dependencies": { "@csstools/css-color-parser": "^3.0.7", "@csstools/css-parser-algorithms": "^3.0.4", "@csstools/css-tokenizer": "^3.0.3", "@csstools/postcss-progressive-custom-properties": "^4.0.0", "@csstools/utilities": "^2.0.0" }, "peerDependencies": { "postcss": "^8.4" } }, "sha512-WgEyBeg6glUeTdS2XT7qeTFBthTJuXlS9GFro/DVomj7W7WMTamAwpoP4oQCq/0Ki2gvfRYFi/uZtmRE14/DFA=="],

    "@csstools/postcss-hwb-function": ["@csstools/postcss-hwb-function@4.0.7", "", { "dependencies": { "@csstools/css-color-parser": "^3.0.7", "@csstools/css-parser-algorithms": "^3.0.4", "@csstools/css-tokenizer": "^3.0.3", "@csstools/postcss-progressive-custom-properties": "^4.0.0", "@csstools/utilities": "^2.0.0" }, "peerDependencies": { "postcss": "^8.4" } }, "sha512-LKYqjO+wGwDCfNIEllessCBWfR4MS/sS1WXO+j00KKyOjm7jDW2L6jzUmqASEiv/kkJO39GcoIOvTTfB3yeBUA=="],

    "@csstools/postcss-ic-unit": ["@csstools/postcss-ic-unit@4.0.0", "", { "dependencies": { "@csstools/postcss-progressive-custom-properties": "^4.0.0", "@csstools/utilities": "^2.0.0", "postcss-value-parser": "^4.2.0" }, "peerDependencies": { "postcss": "^8.4" } }, "sha512-9QT5TDGgx7wD3EEMN3BSUG6ckb6Eh5gSPT5kZoVtUuAonfPmLDJyPhqR4ntPpMYhUKAMVKAg3I/AgzqHMSeLhA=="],

    "@csstools/postcss-initial": ["@csstools/postcss-initial@2.0.1", "", { "peerDependencies": { "postcss": "^8.4" } }, "sha512-L1wLVMSAZ4wovznquK0xmC7QSctzO4D0Is590bxpGqhqjboLXYA16dWZpfwImkdOgACdQ9PqXsuRroW6qPlEsg=="],

    "@csstools/postcss-is-pseudo-class": ["@csstools/postcss-is-pseudo-class@5.0.1", "", { "dependencies": { "@csstools/selector-specificity": "^5.0.0", "postcss-selector-parser": "^7.0.0" }, "peerDependencies": { "postcss": "^8.4" } }, "sha512-JLp3POui4S1auhDR0n8wHd/zTOWmMsmK3nQd3hhL6FhWPaox5W7j1se6zXOG/aP07wV2ww0lxbKYGwbBszOtfQ=="],

    "@csstools/postcss-light-dark-function": ["@csstools/postcss-light-dark-function@2.0.7", "", { "dependencies": { "@csstools/css-parser-algorithms": "^3.0.4", "@csstools/css-tokenizer": "^3.0.3", "@csstools/postcss-progressive-custom-properties": "^4.0.0", "@csstools/utilities": "^2.0.0" }, "peerDependencies": { "postcss": "^8.4" } }, "sha512-ZZ0rwlanYKOHekyIPaU+sVm3BEHCe+Ha0/px+bmHe62n0Uc1lL34vbwrLYn6ote8PHlsqzKeTQdIejQCJ05tfw=="],

    "@csstools/postcss-logical-float-and-clear": ["@csstools/postcss-logical-float-and-clear@3.0.0", "", { "peerDependencies": { "postcss": "^8.4" } }, "sha512-SEmaHMszwakI2rqKRJgE+8rpotFfne1ZS6bZqBoQIicFyV+xT1UF42eORPxJkVJVrH9C0ctUgwMSn3BLOIZldQ=="],

    "@csstools/postcss-logical-overflow": ["@csstools/postcss-logical-overflow@2.0.0", "", { "peerDependencies": { "postcss": "^8.4" } }, "sha512-spzR1MInxPuXKEX2csMamshR4LRaSZ3UXVaRGjeQxl70ySxOhMpP2252RAFsg8QyyBXBzuVOOdx1+bVO5bPIzA=="],

    "@csstools/postcss-logical-overscroll-behavior": ["@csstools/postcss-logical-overscroll-behavior@2.0.0", "", { "peerDependencies": { "postcss": "^8.4" } }, "sha512-e/webMjoGOSYfqLunyzByZj5KKe5oyVg/YSbie99VEaSDE2kimFm0q1f6t/6Jo+VVCQ/jbe2Xy+uX+C4xzWs4w=="],

    "@csstools/postcss-logical-resize": ["@csstools/postcss-logical-resize@3.0.0", "", { "dependencies": { "postcss-value-parser": "^4.2.0" }, "peerDependencies": { "postcss": "^8.4" } }, "sha512-DFbHQOFW/+I+MY4Ycd/QN6Dg4Hcbb50elIJCfnwkRTCX05G11SwViI5BbBlg9iHRl4ytB7pmY5ieAFk3ws7yyg=="],

    "@csstools/postcss-logical-viewport-units": ["@csstools/postcss-logical-viewport-units@3.0.3", "", { "dependencies": { "@csstools/css-tokenizer": "^3.0.3", "@csstools/utilities": "^2.0.0" }, "peerDependencies": { "postcss": "^8.4" } }, "sha512-OC1IlG/yoGJdi0Y+7duz/kU/beCwO+Gua01sD6GtOtLi7ByQUpcIqs7UE/xuRPay4cHgOMatWdnDdsIDjnWpPw=="],

    "@csstools/postcss-media-minmax": ["@csstools/postcss-media-minmax@2.0.6", "", { "dependencies": { "@csstools/css-calc": "^2.1.1", "@csstools/css-parser-algorithms": "^3.0.4", "@csstools/css-tokenizer": "^3.0.3", "@csstools/media-query-list-parser": "^4.0.2" }, "peerDependencies": { "postcss": "^8.4" } }, "sha512-J1+4Fr2W3pLZsfxkFazK+9kr96LhEYqoeBszLmFjb6AjYs+g9oDAw3J5oQignLKk3rC9XHW+ebPTZ9FaW5u5pg=="],

    "@csstools/postcss-media-queries-aspect-ratio-number-values": ["@csstools/postcss-media-queries-aspect-ratio-number-values@3.0.4", "", { "dependencies": { "@csstools/css-parser-algorithms": "^3.0.4", "@csstools/css-tokenizer": "^3.0.3", "@csstools/media-query-list-parser": "^4.0.2" }, "peerDependencies": { "postcss": "^8.4" } }, "sha512-AnGjVslHMm5xw9keusQYvjVWvuS7KWK+OJagaG0+m9QnIjZsrysD2kJP/tr/UJIyYtMCtu8OkUd+Rajb4DqtIQ=="],

    "@csstools/postcss-nested-calc": ["@csstools/postcss-nested-calc@4.0.0", "", { "dependencies": { "@csstools/utilities": "^2.0.0", "postcss-value-parser": "^4.2.0" }, "peerDependencies": { "postcss": "^8.4" } }, "sha512-jMYDdqrQQxE7k9+KjstC3NbsmC063n1FTPLCgCRS2/qHUbHM0mNy9pIn4QIiQGs9I/Bg98vMqw7mJXBxa0N88A=="],

    "@csstools/postcss-normalize-display-values": ["@csstools/postcss-normalize-display-values@4.0.0", "", { "dependencies": { "postcss-value-parser": "^4.2.0" }, "peerDependencies": { "postcss": "^8.4" } }, "sha512-HlEoG0IDRoHXzXnkV4in47dzsxdsjdz6+j7MLjaACABX2NfvjFS6XVAnpaDyGesz9gK2SC7MbNwdCHusObKJ9Q=="],

    "@csstools/postcss-oklab-function": ["@csstools/postcss-oklab-function@4.0.7", "", { "dependencies": { "@csstools/css-color-parser": "^3.0.7", "@csstools/css-parser-algorithms": "^3.0.4", "@csstools/css-tokenizer": "^3.0.3", "@csstools/postcss-progressive-custom-properties": "^4.0.0", "@csstools/utilities": "^2.0.0" }, "peerDependencies": { "postcss": "^8.4" } }, "sha512-I6WFQIbEKG2IO3vhaMGZDkucbCaUSXMxvHNzDdnfsTCF5tc0UlV3Oe2AhamatQoKFjBi75dSEMrgWq3+RegsOQ=="],

    "@csstools/postcss-progressive-custom-properties": ["@csstools/postcss-progressive-custom-properties@4.0.0", "", { "dependencies": { "postcss-value-parser": "^4.2.0" }, "peerDependencies": { "postcss": "^8.4" } }, "sha512-XQPtROaQjomnvLUSy/bALTR5VCtTVUFwYs1SblvYgLSeTo2a/bMNwUwo2piXw5rTv/FEYiy5yPSXBqg9OKUx7Q=="],

    "@csstools/postcss-random-function": ["@csstools/postcss-random-function@1.0.2", "", { "dependencies": { "@csstools/css-calc": "^2.1.1", "@csstools/css-parser-algorithms": "^3.0.4", "@csstools/css-tokenizer": "^3.0.3" }, "peerDependencies": { "postcss": "^8.4" } }, "sha512-vBCT6JvgdEkvRc91NFoNrLjgGtkLWt47GKT6E2UDn3nd8ZkMBiziQ1Md1OiKoSsgzxsSnGKG3RVdhlbdZEkHjA=="],

    "@csstools/postcss-relative-color-syntax": ["@csstools/postcss-relative-color-syntax@3.0.7", "", { "dependencies": { "@csstools/css-color-parser": "^3.0.7", "@csstools/css-parser-algorithms": "^3.0.4", "@csstools/css-tokenizer": "^3.0.3", "@csstools/postcss-progressive-custom-properties": "^4.0.0", "@csstools/utilities": "^2.0.0" }, "peerDependencies": { "postcss": "^8.4" } }, "sha512-apbT31vsJVd18MabfPOnE977xgct5B1I+Jpf+Munw3n6kKb1MMuUmGGH+PT9Hm/fFs6fe61Q/EWnkrb4bNoNQw=="],

    "@csstools/postcss-scope-pseudo-class": ["@csstools/postcss-scope-pseudo-class@4.0.1", "", { "dependencies": { "postcss-selector-parser": "^7.0.0" }, "peerDependencies": { "postcss": "^8.4" } }, "sha512-IMi9FwtH6LMNuLea1bjVMQAsUhFxJnyLSgOp/cpv5hrzWmrUYU5fm0EguNDIIOHUqzXode8F/1qkC/tEo/qN8Q=="],

    "@csstools/postcss-sign-functions": ["@csstools/postcss-sign-functions@1.1.1", "", { "dependencies": { "@csstools/css-calc": "^2.1.1", "@csstools/css-parser-algorithms": "^3.0.4", "@csstools/css-tokenizer": "^3.0.3" }, "peerDependencies": { "postcss": "^8.4" } }, "sha512-MslYkZCeMQDxetNkfmmQYgKCy4c+w9pPDfgOBCJOo/RI1RveEUdZQYtOfrC6cIZB7sD7/PHr2VGOcMXlZawrnA=="],

    "@csstools/postcss-stepped-value-functions": ["@csstools/postcss-stepped-value-functions@4.0.6", "", { "dependencies": { "@csstools/css-calc": "^2.1.1", "@csstools/css-parser-algorithms": "^3.0.4", "@csstools/css-tokenizer": "^3.0.3" }, "peerDependencies": { "postcss": "^8.4" } }, "sha512-/dwlO9w8vfKgiADxpxUbZOWlL5zKoRIsCymYoh1IPuBsXODKanKnfuZRr32DEqT0//3Av1VjfNZU9yhxtEfIeA=="],

    "@csstools/postcss-text-decoration-shorthand": ["@csstools/postcss-text-decoration-shorthand@4.0.1", "", { "dependencies": { "@csstools/color-helpers": "^5.0.1", "postcss-value-parser": "^4.2.0" }, "peerDependencies": { "postcss": "^8.4" } }, "sha512-xPZIikbx6jyzWvhms27uugIc0I4ykH4keRvoa3rxX5K7lEhkbd54rjj/dv60qOCTisoS+3bmwJTeyV1VNBrXaw=="],

    "@csstools/postcss-trigonometric-functions": ["@csstools/postcss-trigonometric-functions@4.0.6", "", { "dependencies": { "@csstools/css-calc": "^2.1.1", "@csstools/css-parser-algorithms": "^3.0.4", "@csstools/css-tokenizer": "^3.0.3" }, "peerDependencies": { "postcss": "^8.4" } }, "sha512-c4Y1D2Why/PeccaSouXnTt6WcNHJkoJRidV2VW9s5gJ97cNxnLgQ4Qj8qOqkIR9VmTQKJyNcbF4hy79ZQnWD7A=="],

    "@csstools/postcss-unset-value": ["@csstools/postcss-unset-value@4.0.0", "", { "peerDependencies": { "postcss": "^8.4" } }, "sha512-cBz3tOCI5Fw6NIFEwU3RiwK6mn3nKegjpJuzCndoGq3BZPkUjnsq7uQmIeMNeMbMk7YD2MfKcgCpZwX5jyXqCA=="],

    "@csstools/selector-resolve-nested": ["@csstools/selector-resolve-nested@3.0.0", "", { "peerDependencies": { "postcss-selector-parser": "^7.0.0" } }, "sha512-ZoK24Yku6VJU1gS79a5PFmC8yn3wIapiKmPgun0hZgEI5AOqgH2kiPRsPz1qkGv4HL+wuDLH83yQyk6inMYrJQ=="],

    "@csstools/selector-specificity": ["@csstools/selector-specificity@5.0.0", "", { "peerDependencies": { "postcss-selector-parser": "^7.0.0" } }, "sha512-PCqQV3c4CoVm3kdPhyeZ07VmBRdH2EpMFA/pd9OASpOEC3aXNGoqPDAZ80D0cLpMBxnmk0+yNhGsEx31hq7Gtw=="],

    "@csstools/utilities": ["@csstools/utilities@2.0.0", "", { "peerDependencies": { "postcss": "^8.4" } }, "sha512-5VdOr0Z71u+Yp3ozOx8T11N703wIFGVRgOWbOZMKgglPJsWA54MRIoMNVMa7shUToIhx5J8vX4sOZgD2XiihiQ=="],

    "@nodelib/fs.scandir": ["@nodelib/fs.scandir@2.1.5", "", { "dependencies": { "@nodelib/fs.stat": "2.0.5", "run-parallel": "^1.1.9" } }, "sha512-vq24Bq3ym5HEQm2NKCr3yXDwjc7vTsEThRDnkp2DK9p1uqLR+DHurm/NOTo0KG7HYHU7eppKZj3MyqYuMBf62g=="],

    "@nodelib/fs.stat": ["@nodelib/fs.stat@2.0.5", "", {}, "sha512-RkhPPp2zrqDAQA/2jNhnztcPAlv64XdhIp7a7454A5ovI7Bukxgt7MX7udwAu3zg1DcpPU0rz3VV1SeaqvY4+A=="],

    "@nodelib/fs.walk": ["@nodelib/fs.walk@1.2.8", "", { "dependencies": { "@nodelib/fs.scandir": "2.1.5", "fastq": "^1.6.0" } }, "sha512-oGB+UxlgWcgQkgwo8GcEGwemoTFt3FIO9ababBmaGwXIoBKZ+GTy0pP185beGg7Llih/NSHSV2XAs1lnznocSg=="],

    "@sindresorhus/merge-streams": ["@sindresorhus/merge-streams@2.3.0", "", {}, "sha512-LtoMMhxAlorcGhmFYI+LhPgbPZCkgP6ra1YL604EeF6U98pLlQ3iWIGMdWSC+vWmPBWBNgmDBAhnAobLROJmwg=="],

    "ansi-regex": ["ansi-regex@5.0.1", "", {}, "sha512-quJQXlTSUGL2LH9SUXo8VwsY4soanhgo6LNSm84E1LBcE8s3O0wpdiRzyR9z/ZZJMlMWv37qOOb9pdJlMUEKFQ=="],

    "ansi-styles": ["ansi-styles@3.2.1", "", { "dependencies": { "color-convert": "^1.9.0" } }, "sha512-VT0ZI6kZRdTh8YyJw3SMbYm/u+NqfsAxEpWO0Pf9sq8/e94WxxOpPKx9FR1FlyCtOVDNOQ+8ntlqFxiRc+r5qA=="],

    "anymatch": ["anymatch@3.1.3", "", { "dependencies": { "normalize-path": "^3.0.0", "picomatch": "^2.0.4" } }, "sha512-KMReFUr0B4t+D+OBkjR3KYqvocp2XaSzO55UcB6mgQMd3KbcE+mWTyvVV7D/zsdEbNnV6acZUutkiHQXvTr1Rw=="],

    "astal": ["astal@file:../../../../../../.local/share/ags", {}],

    "autoprefixer": ["autoprefixer@10.4.20", "", { "dependencies": { "browserslist": "^4.23.3", "caniuse-lite": "^1.0.30001646", "fraction.js": "^4.3.7", "normalize-range": "^0.1.2", "picocolors": "^1.0.1", "postcss-value-parser": "^4.2.0" }, "peerDependencies": { "postcss": "^8.1.0" }, "bin": { "autoprefixer": "bin/autoprefixer" } }, "sha512-XY25y5xSv/wEoqzDyXXME4AFfkZI0P23z6Fs3YgymDnKJkCGOnkL0iTxCa85UTqaSgfcqyf3UA6+c7wUvx/16g=="],

    "balanced-match": ["balanced-match@1.0.2", "", {}, "sha512-3oSeUO0TMV67hN1AmbXsK4yaqU7tjiHlbxRDZOpH0KW9+CeX4bRAaX0Anxt0tx2MrpRpWwQaPwIlISEJhYU5Pw=="],

    "binary-extensions": ["binary-extensions@2.3.0", "", {}, "sha512-Ceh+7ox5qe7LJuLHoY0feh3pHuUDHAcRUeyL2VYghZwfpkNIy/+8Ocg0a3UuSoYzavmylwuLWQOf3hl0jjMMIw=="],

    "braces": ["braces@3.0.3", "", { "dependencies": { "fill-range": "^7.1.1" } }, "sha512-yQbXgO/OSZVD2IsiLlro+7Hf6Q18EJrKSEsdoMzKePKXct3gvD8oLcOQdIzGupr5Fj+EDe8gO/lxc1BzfMpxvA=="],

    "browserslist": ["browserslist@4.24.4", "", { "dependencies": { "caniuse-lite": "^1.0.30001688", "electron-to-chromium": "^1.5.73", "node-releases": "^2.0.19", "update-browserslist-db": "^1.1.1" }, "bin": { "browserslist": "cli.js" } }, "sha512-KDi1Ny1gSePi1vm0q4oxSF8b4DR44GF4BbmS2YdhPLOEqd8pDviZOGH/GsmRwoWJ2+5Lr085X7naowMwKHDG1A=="],

    "caniuse-lite": ["caniuse-lite@1.0.30001700", "", {}, "sha512-2S6XIXwaE7K7erT8dY+kLQcpa5ms63XlRkMkReXjle+kf6c5g38vyMl+Z5y8dSxOFDhcFe+nxnn261PLxBSQsQ=="],

    "chalk": ["chalk@2.4.2", "", { "dependencies": { "ansi-styles": "^3.2.1", "escape-string-regexp": "^1.0.5", "supports-color": "^5.3.0" } }, "sha512-Mti+f9lpJNcwF4tWV8/OrTTtF1gZi+f8FqlyAdouralcFWFQWF2+NgCHShjkCb+IFBLq9buZwE1xckQU4peSuQ=="],

    "chokidar": ["chokidar@3.6.0", "", { "dependencies": { "anymatch": "~3.1.2", "braces": "~3.0.2", "glob-parent": "~5.1.2", "is-binary-path": "~2.1.0", "is-glob": "~4.0.1", "normalize-path": "~3.0.0", "readdirp": "~3.6.0" }, "optionalDependencies": { "fsevents": "~2.3.2" } }, "sha512-7VT13fmjotKpGipCW9JEQAusEPE+Ei8nl6/g4FBAmIm0GOOLMua9NDDo/DWp0ZAxCr3cPq5ZpBqmPAQgDda2Pw=="],

    "clean-css": ["clean-css@5.3.3", "", { "dependencies": { "source-map": "~0.6.0" } }, "sha512-D5J+kHaVb/wKSFcyyV75uCn8fiY4sV38XJoe4CUyGQ+mOU/fMVYUdH1hJC+CJQ5uY3EnW27SbJYS4X8BiLrAFg=="],

    "cliui": ["cliui@8.0.1", "", { "dependencies": { "string-width": "^4.2.0", "strip-ansi": "^6.0.1", "wrap-ansi": "^7.0.0" } }, "sha512-BSeNnyus75C4//NQ9gQt1/csTXyo/8Sb+afLAkzAptFuMsod9HFokGNudZpi/oQV73hnVK+sR+5PVRMd+Dr7YQ=="],

    "color": ["color@1.0.3", "", { "dependencies": { "color-convert": "^1.8.2", "color-string": "^1.4.0" } }, "sha512-HWCZFEr1styyDW4BAYpeDtVrUfTzPK0XOxs8izgcGofpl/T9U2m5f7cYjcPKorrCLKDrFlmcHciMdktwxr1btw=="],

    "color-convert": ["color-convert@1.9.3", "", { "dependencies": { "color-name": "1.1.3" } }, "sha512-QfAUtd+vFdAtFQcC8CCyYt1fYWxSqAiK2cSD6zDB8N3cpsEBAvRxp9zOGg6G/SHHJYAT88/az/IuDGALsNVbGg=="],

    "color-name": ["color-name@1.1.3", "", {}, "sha512-72fSenhMw2HZMTVHeCA9KCmpEIbzWiQsjN+BHcBbS9vr1mtt+vJjPdksIBNUmKAW8TFUDPJK5SUU3QhE9NEXDw=="],

    "color-string": ["color-string@1.9.1", "", { "dependencies": { "color-name": "^1.0.0", "simple-swizzle": "^0.2.2" } }, "sha512-shrVawQFojnZv6xM40anx4CkoDP+fZsw/ZerEMsW/pyzsRbElpsL/DBVW7q3ExxwusdNXI3lXpuhEZkzs8p5Eg=="],

    "css-blank-pseudo": ["css-blank-pseudo@7.0.1", "", { "dependencies": { "postcss-selector-parser": "^7.0.0" }, "peerDependencies": { "postcss": "^8.4" } }, "sha512-jf+twWGDf6LDoXDUode+nc7ZlrqfaNphrBIBrcmeP3D8yw1uPaix1gCC8LUQUGQ6CycuK2opkbFFWFuq/a94ag=="],

    "css-has-pseudo": ["css-has-pseudo@7.0.2", "", { "dependencies": { "@csstools/selector-specificity": "^5.0.0", "postcss-selector-parser": "^7.0.0", "postcss-value-parser": "^4.2.0" }, "peerDependencies": { "postcss": "^8.4" } }, "sha512-nzol/h+E0bId46Kn2dQH5VElaknX2Sr0hFuB/1EomdC7j+OISt2ZzK7EHX9DZDY53WbIVAR7FYKSO2XnSf07MQ=="],

    "css-prefers-color-scheme": ["css-prefers-color-scheme@10.0.0", "", { "peerDependencies": { "postcss": "^8.4" } }, "sha512-VCtXZAWivRglTZditUfB4StnsWr6YVZ2PRtuxQLKTNRdtAf8tpzaVPE9zXIF3VaSc7O70iK/j1+NXxyQCqdPjQ=="],

    "cssdb": ["cssdb@8.2.3", "", {}, "sha512-9BDG5XmJrJQQnJ51VFxXCAtpZ5ebDlAREmO8sxMOVU0aSxN/gocbctjIG5LMh3WBUq+xTlb/jw2LoljBEqraTA=="],

    "cssesc": ["cssesc@3.0.0", "", { "bin": { "cssesc": "bin/cssesc" } }, "sha512-/Tb/JcjK111nNScGob5MNtsntNM1aCNUDipB/TkwZFhyDrrE47SOx/18wF2bbjgc3ZzCSKW1T5nt5EbFoAz/Vg=="],

    "dependency-graph": ["dependency-graph@0.11.0", "", {}, "sha512-JeMq7fEshyepOWDfcfHK06N3MhyPhz++vtqWhMT5O9A3K42rdsEDpfdVqjaqaAhsw6a+ZqeDvQVtD0hFHQWrzg=="],

    "electron-to-chromium": ["electron-to-chromium@1.5.102", "", {}, "sha512-eHhqaja8tE/FNpIiBrvBjFV/SSKpyWHLvxuR9dPTdo+3V9ppdLmFB7ZZQ98qNovcngPLYIz0oOBF9P0FfZef5Q=="],

    "emoji-regex": ["emoji-regex@8.0.0", "", {}, "sha512-MSjYzcWNOA0ewAHpz0MxpYFvwg6yjy1NG3xteoqz644VCo/RPgnr1/GGt+ic3iJTzQ8Eu3TdM14SawnVUmGE6A=="],

    "escalade": ["escalade@3.2.0", "", {}, "sha512-WUj2qlxaQtO4g6Pq5c29GTcWGDyd8itL8zTlipgECz3JesAiiOKotd8JU6otB3PACgG6xkJUyVhboMS+bje/jA=="],

    "escape-string-regexp": ["escape-string-regexp@1.0.5", "", {}, "sha512-vbRorB5FUQWvla16U8R/qgaFIya2qGzwDrNmCZuYKrbdSUMG6I1ZCGQRefkRVhuOkIGVne7BQ35DSfo1qvJqFg=="],

    "fast-glob": ["fast-glob@3.3.3", "", { "dependencies": { "@nodelib/fs.stat": "^2.0.2", "@nodelib/fs.walk": "^1.2.3", "glob-parent": "^5.1.2", "merge2": "^1.3.0", "micromatch": "^4.0.8" } }, "sha512-7MptL8U0cqcFdzIzwOTHoilX9x5BrNqye7Z/LuC7kCMRio1EMSyqRK3BEAUD7sXRq4iT4AzTVuZdhgQ2TCvYLg=="],

    "fastq": ["fastq@1.19.0", "", { "dependencies": { "reusify": "^1.0.4" } }, "sha512-7SFSRCNjBQIZH/xZR3iy5iQYR8aGBE0h3VG6/cwlbrpdciNYBMotQav8c1XI3HjHH+NikUpP53nPdlZSdWmFzA=="],

    "fill-range": ["fill-range@7.1.1", "", { "dependencies": { "to-regex-range": "^5.0.1" } }, "sha512-YsGpe3WHLK8ZYi4tWDg2Jy3ebRz2rXowDxnld4bkQB00cc/1Zw9AWnC0i9ztDJitivtQvaI9KaLyKrc+hBW0yg=="],

    "fraction.js": ["fraction.js@4.3.7", "", {}, "sha512-ZsDfxO51wGAXREY55a7la9LScWpwv9RxIrYABrlvOFBlH/ShPnrtsXeuUIfXKKOVicNxQ+o8JTbJvjS4M89yew=="],

    "fs-extra": ["fs-extra@11.3.0", "", { "dependencies": { "graceful-fs": "^4.2.0", "jsonfile": "^6.0.1", "universalify": "^2.0.0" } }, "sha512-Z4XaCL6dUDHfP/jT25jJKMmtxvuwbkrD1vNSMFlo9lNLY2c5FHYSQgHPRZUjAB26TpDEoW9HCOgplrdbaPV/ew=="],

    "fsevents": ["fsevents@2.3.3", "", { "os": "darwin" }, "sha512-5xoDfX+fL7faATnagmWPpbFtwh/R77WmMMqqHGS65C3vvB0YHrgF+B1YmZ3441tMj5n63k0212XNoJwzlhffQw=="],

    "function-bind": ["function-bind@1.1.2", "", {}, "sha512-7XHNxH7qX9xG5mIwxkhumTox/MIRNcOgDrxWsMt2pAr23WHp6MrRlN7FBSFpCpr+oVO0F744iUgR82nJMfG2SA=="],

    "get-caller-file": ["get-caller-file@2.0.5", "", {}, "sha512-DyFP3BM/3YHTQOCUL/w0OZHR0lpKeGrxotcHWcqNEdnltqFwXVfhEBQ94eIo34AfQpo0rGki4cyIiftY06h2Fg=="],

    "get-stdin": ["get-stdin@9.0.0", "", {}, "sha512-dVKBjfWisLAicarI2Sf+JuBE/DghV4UzNAVe9yhEJuzeREd3JhOTE9cUaJTeSa77fsbQUK3pcOpJfM59+VKZaA=="],

    "glob-parent": ["glob-parent@5.1.2", "", { "dependencies": { "is-glob": "^4.0.1" } }, "sha512-AOIgSQCepiJYwP3ARnGx+5VnTu2HBYdzbGP45eLw1vr3zB3vZLeyed1sC9hnbcOc9/SrMyM5RPQrkGz4aS9Zow=="],

    "globby": ["globby@14.1.0", "", { "dependencies": { "@sindresorhus/merge-streams": "^2.1.0", "fast-glob": "^3.3.3", "ignore": "^7.0.3", "path-type": "^6.0.0", "slash": "^5.1.0", "unicorn-magic": "^0.3.0" } }, "sha512-0Ia46fDOaT7k4og1PDW4YbodWWr3scS2vAr2lTbsplOt2WkKp0vQbkI9wKis/T5LV/dqPjO3bpS/z6GTJB82LA=="],

    "graceful-fs": ["graceful-fs@4.2.11", "", {}, "sha512-RbJ5/jmFcNNCcDV5o9eTnBLJ/HszWV0P73bc+Ff4nS/rJj+YaS6IGyiOL0VoBYX+l1Wrl3k63h/KrH+nhJ0XvQ=="],

    "has-flag": ["has-flag@3.0.0", "", {}, "sha512-sKJf1+ceQBr4SMkvQnBDNDtf4TXpVhVGateu0t918bl30FnbE2m4vNLX+VWe/dpjlb+HugGYzW7uQXH98HPEYw=="],

    "hasown": ["hasown@2.0.2", "", { "dependencies": { "function-bind": "^1.1.2" } }, "sha512-0hJU9SCPvmMzIBdZFqNPXWa6dqh7WdH0cII9y+CyS8rG3nL48Bclra9HmKhVVUHyPWNH5Y7xDwAB7bfgSjkUMQ=="],

    "ignore": ["ignore@7.0.3", "", {}, "sha512-bAH5jbK/F3T3Jls4I0SO1hmPR0dKU0a7+SY6n1yzRtG54FLO8d6w/nxLFX2Nb7dBu6cCWXPaAME6cYqFUMmuCA=="],

    "is-arrayish": ["is-arrayish@0.3.2", "", {}, "sha512-eVRqCvVlZbuw3GrM63ovNSNAeA1K16kaR/LRY/92w0zxQ5/1YzwblUX652i4Xs9RwAGjW9d9y6X88t8OaAJfWQ=="],

    "is-binary-path": ["is-binary-path@2.1.0", "", { "dependencies": { "binary-extensions": "^2.0.0" } }, "sha512-ZMERYes6pDydyuGidse7OsHxtbI7WVeUEozgR/g7rd0xUimYNlvZRE/K2MgZTjWy725IfelLeVcEM97mmtRGXw=="],

    "is-core-module": ["is-core-module@2.16.1", "", { "dependencies": { "hasown": "^2.0.2" } }, "sha512-UfoeMA6fIJ8wTYFEUjelnaGI67v6+N7qXJEvQuIGa99l4xsCruSYOVSQ0uPANn4dAzm8lkYPaKLrrijLq7x23w=="],

    "is-extglob": ["is-extglob@2.1.1", "", {}, "sha512-SbKbANkN603Vi4jEZv49LeVJMn4yGwsbzZworEoyEiutsN3nJYdbO36zfhGJ6QEDpOZIFkDtnq5JRxmvl3jsoQ=="],

    "is-fullwidth-code-point": ["is-fullwidth-code-point@3.0.0", "", {}, "sha512-zymm5+u+sCsSWyD9qNaejV3DFvhCKclKdizYaJUuHA83RLjb7nSuGnddCHGv0hk+KY7BMAlsWeK4Ueg6EV6XQg=="],

    "is-glob": ["is-glob@4.0.3", "", { "dependencies": { "is-extglob": "^2.1.1" } }, "sha512-xelSayHH36ZgE7ZWhli7pW34hNbNl8Ojv5KVmkJD4hBdD3th8Tfk9vYasLM+mXWOZhFkgZfxhLSnrwRr4elSSg=="],

    "is-number": ["is-number@7.0.0", "", {}, "sha512-41Cifkg6e8TylSpdtTpeLVMqvSBEVzTttHvERD741+pnZ8ANv0004MRL43QKPDlK9cGvNp6NZWZUBlbGXYxxng=="],

    "jsonfile": ["jsonfile@6.1.0", "", { "dependencies": { "universalify": "^2.0.0" }, "optionalDependencies": { "graceful-fs": "^4.1.6" } }, "sha512-5dgndWOriYSm5cnYaJNhalLNDKOqFwyDB/rr1E9ZsGciGvKPs8R2xYGCacuf3z6K1YKDz182fd+fY3cn3pMqXQ=="],

    "lilconfig": ["lilconfig@3.1.3", "", {}, "sha512-/vlFKAoH5Cgt3Ie+JLhRbwOsCQePABiU3tJ1egGvyQ+33R/vcwM2Zl2QR/LzjsBeItPt3oSVXapn+m4nQDvpzw=="],

    "lodash.isfunction": ["lodash.isfunction@3.0.9", "", {}, "sha512-AirXNj15uRIMMPihnkInB4i3NHeb4iBtNg9WRWuK2o31S+ePwwNmDPaTL3o7dTJ+VXNZim7rFs4rxN4YU1oUJw=="],

    "lodash.isregexp": ["lodash.isregexp@4.0.1", "", {}, "sha512-rw9+95tYcUa9nQ1FgdtKvO+hReLGNqnNMHfLq8SwK5Mo6D0R0tIsnRHGHaTHSKeYBaLCJ1JvXWdz4UmpPZ2bag=="],

    "merge2": ["merge2@1.4.1", "", {}, "sha512-8q7VEgMJW4J8tcfVPy8g09NcQwZdbwFEqhe/WZkoIzjn/3TGDwtOCYtXGxA3O8tPzpczCCDgv+P2P5y00ZJOOg=="],

    "micromatch": ["micromatch@4.0.8", "", { "dependencies": { "braces": "^3.0.3", "picomatch": "^2.3.1" } }, "sha512-PXwfBhYu0hBCPw8Dn0E+WDYb7af3dSLVWKi3HGv84IdF4TyFoC0ysxFd0Goxw7nSv4T/PzEJQxsYsEiFCKo2BA=="],

    "nanoid": ["nanoid@3.3.8", "", { "bin": { "nanoid": "bin/nanoid.cjs" } }, "sha512-WNLf5Sd8oZxOm+TzppcYk8gVOgP+l58xNy58D0nbUnOxOWRWvlcCV4kUF7ltmI6PsrLl/BgKEyS4mqsGChFN0w=="],

    "node-releases": ["node-releases@2.0.19", "", {}, "sha512-xxOWJsBKtzAq7DY0J+DTzuz58K8e7sJbdgwkbMWQe8UYB6ekmsQ45q0M/tJDsGaZmbC+l7n57UV8Hl5tHxO9uw=="],

    "normalize-path": ["normalize-path@3.0.0", "", {}, "sha512-6eZs5Ls3WtCisHWp9S2GUy8dqkpGi4BVSz3GaqiE6ezub0512ESztXUwUB6C6IKbQkY2Pnb/mD4WYojCRwcwLA=="],

    "normalize-range": ["normalize-range@0.1.2", "", {}, "sha512-bdok/XvKII3nUpklnV6P2hxtMNrCboOjAcyBuQnWEhO665FwrSNRxU+AqpsyvO6LgGYPspN+lu5CLtw4jPRKNA=="],

    "path-parse": ["path-parse@1.0.7", "", {}, "sha512-LDJzPVEEEPR+y48z93A0Ed0yXb8pAByGWo/k5YYdYgpY2/2EsOsksJrq7lOHxryrVOn1ejG6oAp8ahvOIQD8sw=="],

    "path-type": ["path-type@6.0.0", "", {}, "sha512-Vj7sf++t5pBD637NSfkxpHSMfWaeig5+DKWLhcqIYx6mWQz5hdJTGDVMQiJcw1ZYkhs7AazKDGpRVji1LJCZUQ=="],

    "picocolors": ["picocolors@1.1.1", "", {}, "sha512-xceH2snhtb5M9liqDsmEw56le376mTZkEX/jEb/RxNFyegNul7eNslCXP9FDj/Lcu0X8KEyMceP2ntpaHrDEVA=="],

    "picomatch": ["picomatch@2.3.1", "", {}, "sha512-JU3teHTNjmE2VCGFzuY8EXzCDVwEqB2a8fsIvwaStHhAWJEeVd1o1QD80CU6+ZdEXXSLbSsuLwJjkCBWqRQUVA=="],

    "pify": ["pify@2.3.0", "", {}, "sha512-udgsAY+fTnvv7kI7aaxbqwWNb0AHiB0qBO89PZKPkoTmGOgdbrHDKD+0B2X4uTfJ/FT1R09r9gTsjUjNJotuog=="],

    "postcss": ["postcss@8.5.2", "", { "dependencies": { "nanoid": "^3.3.8", "picocolors": "^1.1.1", "source-map-js": "^1.2.1" } }, "sha512-MjOadfU3Ys9KYoX0AdkBlFEF1Vx37uCCeN4ZHnmwm9FfpbsGWMZeBLMmmpY+6Ocqod7mkdZ0DT31OlbsFrLlkA=="],

    "postcss-apply": ["postcss-apply@0.12.0", "", { "dependencies": { "balanced-match": "^1.0.0", "postcss": "^7.0.14" } }, "sha512-u8qZLyA9P86cD08IhqjSVV8tf1eGiKQ4fPvjcG3Ic/eOU65EAkDQClp8We7d15TG+RIWRVPSy9v7cJ2D9OReqw=="],

    "postcss-attribute-case-insensitive": ["postcss-attribute-case-insensitive@7.0.1", "", { "dependencies": { "postcss-selector-parser": "^7.0.0" }, "peerDependencies": { "postcss": "^8.4" } }, "sha512-Uai+SupNSqzlschRyNx3kbCTWgY/2hcwtHEI/ej2LJWc9JJ77qKgGptd8DHwY1mXtZ7Aoh4z4yxfwMBue9eNgw=="],

    "postcss-calc": ["postcss-calc@10.1.1", "", { "dependencies": { "postcss-selector-parser": "^7.0.0", "postcss-value-parser": "^4.2.0" }, "peerDependencies": { "postcss": "^8.4.38" } }, "sha512-NYEsLHh8DgG/PRH2+G9BTuUdtf9ViS+vdoQ0YA5OQdGsfN4ztiwtDWNtBl9EKeqNMFnIu8IKZ0cLxEQ5r5KVMw=="],

    "postcss-clamp": ["postcss-clamp@4.1.0", "", { "dependencies": { "postcss-value-parser": "^4.2.0" }, "peerDependencies": { "postcss": "^8.4.6" } }, "sha512-ry4b1Llo/9zz+PKC+030KUnPITTJAHeOwjfAyyB60eT0AorGLdzp52s31OsPRHRf8NchkgFoG2y6fCfn1IV1Ow=="],

    "postcss-cli": ["postcss-cli@11.0.0", "", { "dependencies": { "chokidar": "^3.3.0", "dependency-graph": "^0.11.0", "fs-extra": "^11.0.0", "get-stdin": "^9.0.0", "globby": "^14.0.0", "picocolors": "^1.0.0", "postcss-load-config": "^5.0.0", "postcss-reporter": "^7.0.0", "pretty-hrtime": "^1.0.3", "read-cache": "^1.0.0", "slash": "^5.0.0", "yargs": "^17.0.0" }, "peerDependencies": { "postcss": "^8.0.0" }, "bin": { "postcss": "index.js" } }, "sha512-xMITAI7M0u1yolVcXJ9XTZiO9aO49mcoKQy6pCDFdMh9kGqhzLVpWxeD/32M/QBmkhcGypZFFOLNLmIW4Pg4RA=="],

    "postcss-color-alpha": ["postcss-color-alpha@2.0.0", "", { "dependencies": { "color": "^1.0.3", "postcss": "^6.0.1", "postcss-message-helpers": "^2.0.0" } }, "sha512-FMpXxsbEZUn+YCmrGkvSpTMNWDOJ3tTkk8hTxSXUAl841G/FR0FJQ/0a9bgZx4W6x8mb/mAV/LhO6/zKLWqiOA=="],

    "postcss-color-functional-notation": ["postcss-color-functional-notation@7.0.7", "", { "dependencies": { "@csstools/css-color-parser": "^3.0.7", "@csstools/css-parser-algorithms": "^3.0.4", "@csstools/css-tokenizer": "^3.0.3", "@csstools/postcss-progressive-custom-properties": "^4.0.0", "@csstools/utilities": "^2.0.0" }, "peerDependencies": { "postcss": "^8.4" } }, "sha512-EZvAHsvyASX63vXnyXOIynkxhaHRSsdb7z6yiXKIovGXAolW4cMZ3qoh7k3VdTsLBS6VGdksGfIo3r6+waLoOw=="],

    "postcss-color-hex-alpha": ["postcss-color-hex-alpha@10.0.0", "", { "dependencies": { "@csstools/utilities": "^2.0.0", "postcss-value-parser": "^4.2.0" }, "peerDependencies": { "postcss": "^8.4" } }, "sha512-1kervM2cnlgPs2a8Vt/Qbe5cQ++N7rkYo/2rz2BkqJZIHQwaVuJgQH38REHrAi4uM0b1fqxMkWYmese94iMp3w=="],

    "postcss-color-rebeccapurple": ["postcss-color-rebeccapurple@10.0.0", "", { "dependencies": { "@csstools/utilities": "^2.0.0", "postcss-value-parser": "^4.2.0" }, "peerDependencies": { "postcss": "^8.4" } }, "sha512-JFta737jSP+hdAIEhk1Vs0q0YF5P8fFcj+09pweS8ktuGuZ8pPlykHsk6mPxZ8awDl4TrcxUqJo9l1IhVr/OjQ=="],

    "postcss-custom-media": ["postcss-custom-media@11.0.5", "", { "dependencies": { "@csstools/cascade-layer-name-parser": "^2.0.4", "@csstools/css-parser-algorithms": "^3.0.4", "@csstools/css-tokenizer": "^3.0.3", "@csstools/media-query-list-parser": "^4.0.2" }, "peerDependencies": { "postcss": "^8.4" } }, "sha512-SQHhayVNgDvSAdX9NQ/ygcDQGEY+aSF4b/96z7QUX6mqL5yl/JgG/DywcF6fW9XbnCRE+aVYk+9/nqGuzOPWeQ=="],

    "postcss-custom-properties": ["postcss-custom-properties@14.0.4", "", { "dependencies": { "@csstools/cascade-layer-name-parser": "^2.0.4", "@csstools/css-parser-algorithms": "^3.0.4", "@csstools/css-tokenizer": "^3.0.3", "@csstools/utilities": "^2.0.0", "postcss-value-parser": "^4.2.0" }, "peerDependencies": { "postcss": "^8.4" } }, "sha512-QnW8FCCK6q+4ierwjnmXF9Y9KF8q0JkbgVfvQEMa93x1GT8FvOiUevWCN2YLaOWyByeDX8S6VFbZEeWoAoXs2A=="],

    "postcss-custom-selectors": ["postcss-custom-selectors@8.0.4", "", { "dependencies": { "@csstools/cascade-layer-name-parser": "^2.0.4", "@csstools/css-parser-algorithms": "^3.0.4", "@csstools/css-tokenizer": "^3.0.3", "postcss-selector-parser": "^7.0.0" }, "peerDependencies": { "postcss": "^8.4" } }, "sha512-ASOXqNvDCE0dAJ/5qixxPeL1aOVGHGW2JwSy7HyjWNbnWTQCl+fDc968HY1jCmZI0+BaYT5CxsOiUhavpG/7eg=="],

    "postcss-dir-pseudo-class": ["postcss-dir-pseudo-class@9.0.1", "", { "dependencies": { "postcss-selector-parser": "^7.0.0" }, "peerDependencies": { "postcss": "^8.4" } }, "sha512-tRBEK0MHYvcMUrAuYMEOa0zg9APqirBcgzi6P21OhxtJyJADo/SWBwY1CAwEohQ/6HDaa9jCjLRG7K3PVQYHEA=="],

    "postcss-discard": ["postcss-discard@2.0.0", "", { "dependencies": { "clean-css": "^5.1.2", "lodash.isfunction": "^3.0.9", "lodash.isregexp": "^4.0.1", "postcss": "^8.3.0" } }, "sha512-M7e1ckqMd3r0THkY4zTIRKP3H2NUrsNsI7UuIUYbyFDPRD26QgFR/BGGw8CNt5X4F0uGBnAMAFGgktraPdOZFw=="],

    "postcss-double-position-gradients": ["postcss-double-position-gradients@6.0.0", "", { "dependencies": { "@csstools/postcss-progressive-custom-properties": "^4.0.0", "@csstools/utilities": "^2.0.0", "postcss-value-parser": "^4.2.0" }, "peerDependencies": { "postcss": "^8.4" } }, "sha512-JkIGah3RVbdSEIrcobqj4Gzq0h53GG4uqDPsho88SgY84WnpkTpI0k50MFK/sX7XqVisZ6OqUfFnoUO6m1WWdg=="],

    "postcss-focus-visible": ["postcss-focus-visible@10.0.1", "", { "dependencies": { "postcss-selector-parser": "^7.0.0" }, "peerDependencies": { "postcss": "^8.4" } }, "sha512-U58wyjS/I1GZgjRok33aE8juW9qQgQUNwTSdxQGuShHzwuYdcklnvK/+qOWX1Q9kr7ysbraQ6ht6r+udansalA=="],

    "postcss-focus-within": ["postcss-focus-within@9.0.1", "", { "dependencies": { "postcss-selector-parser": "^7.0.0" }, "peerDependencies": { "postcss": "^8.4" } }, "sha512-fzNUyS1yOYa7mOjpci/bR+u+ESvdar6hk8XNK/TRR0fiGTp2QT5N+ducP0n3rfH/m9I7H/EQU6lsa2BrgxkEjw=="],

    "postcss-font-variant": ["postcss-font-variant@5.0.0", "", { "peerDependencies": { "postcss": "^8.1.0" } }, "sha512-1fmkBaCALD72CK2a9i468mA/+tr9/1cBxRRMXOUaZqO43oWPR5imcyPjXwuv7PXbCid4ndlP5zWhidQVVa3hmA=="],

    "postcss-gap-properties": ["postcss-gap-properties@6.0.0", "", { "peerDependencies": { "postcss": "^8.4" } }, "sha512-Om0WPjEwiM9Ru+VhfEDPZJAKWUd0mV1HmNXqp2C29z80aQ2uP9UVhLc7e3aYMIor/S5cVhoPgYQ7RtfeZpYTRw=="],

    "postcss-image-set-function": ["postcss-image-set-function@7.0.0", "", { "dependencies": { "@csstools/utilities": "^2.0.0", "postcss-value-parser": "^4.2.0" }, "peerDependencies": { "postcss": "^8.4" } }, "sha512-QL7W7QNlZuzOwBTeXEmbVckNt1FSmhQtbMRvGGqqU4Nf4xk6KUEQhAoWuMzwbSv5jxiRiSZ5Tv7eiDB9U87znA=="],

    "postcss-import": ["postcss-import@16.1.0", "", { "dependencies": { "postcss-value-parser": "^4.0.0", "read-cache": "^1.0.0", "resolve": "^1.1.7" }, "peerDependencies": { "postcss": "^8.0.0" } }, "sha512-7hsAZ4xGXl4MW+OKEWCnF6T5jqBw80/EE9aXg1r2yyn1RsVEU8EtKXbijEODa+rg7iih4bKf7vlvTGYR4CnPNg=="],

    "postcss-lab-function": ["postcss-lab-function@7.0.7", "", { "dependencies": { "@csstools/css-color-parser": "^3.0.7", "@csstools/css-parser-algorithms": "^3.0.4", "@csstools/css-tokenizer": "^3.0.3", "@csstools/postcss-progressive-custom-properties": "^4.0.0", "@csstools/utilities": "^2.0.0" }, "peerDependencies": { "postcss": "^8.4" } }, "sha512-+ONj2bpOQfsCKZE2T9VGMyVVdGcGUpr7u3SVfvkJlvhTRmDCfY25k4Jc8fubB9DclAPR4+w8uVtDZmdRgdAHig=="],

    "postcss-load-config": ["postcss-load-config@5.1.0", "", { "dependencies": { "lilconfig": "^3.1.1", "yaml": "^2.4.2" }, "peerDependencies": { "jiti": ">=1.21.0", "postcss": ">=8.0.9", "tsx": "^4.8.1" }, "optionalPeers": ["jiti", "postcss", "tsx"] }, "sha512-G5AJ+IX0aD0dygOE0yFZQ/huFFMSNneyfp0e3/bT05a8OfPC5FUoZRPfGijUdGOJNMewJiwzcHJXFafFzeKFVA=="],

    "postcss-logical": ["postcss-logical@8.0.0", "", { "dependencies": { "postcss-value-parser": "^4.2.0" }, "peerDependencies": { "postcss": "^8.4" } }, "sha512-HpIdsdieClTjXLOyYdUPAX/XQASNIwdKt5hoZW08ZOAiI+tbV0ta1oclkpVkW5ANU+xJvk3KkA0FejkjGLXUkg=="],

    "postcss-message-helpers": ["postcss-message-helpers@2.0.0", "", {}, "sha512-tPLZzVAiIJp46TBbpXtrUAKqedXSyW5xDEo1sikrfEfnTs+49SBZR/xDdqCiJvSSbtr615xDsaMF3RrxS2jZlA=="],

    "postcss-nested": ["postcss-nested@7.0.2", "", { "dependencies": { "postcss-selector-parser": "^7.0.0" }, "peerDependencies": { "postcss": "^8.2.14" } }, "sha512-5osppouFc0VR9/VYzYxO03VaDa3e8F23Kfd6/9qcZTUI8P58GIYlArOET2Wq0ywSl2o2PjELhYOFI4W7l5QHKw=="],

    "postcss-nesting": ["postcss-nesting@13.0.1", "", { "dependencies": { "@csstools/selector-resolve-nested": "^3.0.0", "@csstools/selector-specificity": "^5.0.0", "postcss-selector-parser": "^7.0.0" }, "peerDependencies": { "postcss": "^8.4" } }, "sha512-VbqqHkOBOt4Uu3G8Dm8n6lU5+9cJFxiuty9+4rcoyRPO9zZS1JIs6td49VIoix3qYqELHlJIn46Oih9SAKo+yQ=="],

    "postcss-opacity-percentage": ["postcss-opacity-percentage@3.0.0", "", { "peerDependencies": { "postcss": "^8.4" } }, "sha512-K6HGVzyxUxd/VgZdX04DCtdwWJ4NGLG212US4/LA1TLAbHgmAsTWVR86o+gGIbFtnTkfOpb9sCRBx8K7HO66qQ=="],

    "postcss-overflow-shorthand": ["postcss-overflow-shorthand@6.0.0", "", { "dependencies": { "postcss-value-parser": "^4.2.0" }, "peerDependencies": { "postcss": "^8.4" } }, "sha512-BdDl/AbVkDjoTofzDQnwDdm/Ym6oS9KgmO7Gr+LHYjNWJ6ExORe4+3pcLQsLA9gIROMkiGVjjwZNoL/mpXHd5Q=="],

    "postcss-page-break": ["postcss-page-break@3.0.4", "", { "peerDependencies": { "postcss": "^8" } }, "sha512-1JGu8oCjVXLa9q9rFTo4MbeeA5FMe00/9C7lN4va606Rdb+HkxXtXsmEDrIraQ11fGz/WvKWa8gMuCKkrXpTsQ=="],

    "postcss-place": ["postcss-place@10.0.0", "", { "dependencies": { "postcss-value-parser": "^4.2.0" }, "peerDependencies": { "postcss": "^8.4" } }, "sha512-5EBrMzat2pPAxQNWYavwAfoKfYcTADJ8AXGVPcUZ2UkNloUTWzJQExgrzrDkh3EKzmAx1evfTAzF9I8NGcc+qw=="],

    "postcss-preset-env": ["postcss-preset-env@10.1.4", "", { "dependencies": { "@csstools/postcss-cascade-layers": "^5.0.1", "@csstools/postcss-color-function": "^4.0.7", "@csstools/postcss-color-mix-function": "^3.0.7", "@csstools/postcss-content-alt-text": "^2.0.4", "@csstools/postcss-exponential-functions": "^2.0.6", "@csstools/postcss-font-format-keywords": "^4.0.0", "@csstools/postcss-gamut-mapping": "^2.0.7", "@csstools/postcss-gradients-interpolation-method": "^5.0.7", "@csstools/postcss-hwb-function": "^4.0.7", "@csstools/postcss-ic-unit": "^4.0.0", "@csstools/postcss-initial": "^2.0.1", "@csstools/postcss-is-pseudo-class": "^5.0.1", "@csstools/postcss-light-dark-function": "^2.0.7", "@csstools/postcss-logical-float-and-clear": "^3.0.0", "@csstools/postcss-logical-overflow": "^2.0.0", "@csstools/postcss-logical-overscroll-behavior": "^2.0.0", "@csstools/postcss-logical-resize": "^3.0.0", "@csstools/postcss-logical-viewport-units": "^3.0.3", "@csstools/postcss-media-minmax": "^2.0.6", "@csstools/postcss-media-queries-aspect-ratio-number-values": "^3.0.4", "@csstools/postcss-nested-calc": "^4.0.0", "@csstools/postcss-normalize-display-values": "^4.0.0", "@csstools/postcss-oklab-function": "^4.0.7", "@csstools/postcss-progressive-custom-properties": "^4.0.0", "@csstools/postcss-random-function": "^1.0.2", "@csstools/postcss-relative-color-syntax": "^3.0.7", "@csstools/postcss-scope-pseudo-class": "^4.0.1", "@csstools/postcss-sign-functions": "^1.1.1", "@csstools/postcss-stepped-value-functions": "^4.0.6", "@csstools/postcss-text-decoration-shorthand": "^4.0.1", "@csstools/postcss-trigonometric-functions": "^4.0.6", "@csstools/postcss-unset-value": "^4.0.0", "autoprefixer": "^10.4.19", "browserslist": "^4.24.4", "css-blank-pseudo": "^7.0.1", "css-has-pseudo": "^7.0.2", "css-prefers-color-scheme": "^10.0.0", "cssdb": "^8.2.3", "postcss-attribute-case-insensitive": "^7.0.1", "postcss-clamp": "^4.1.0", "postcss-color-functional-notation": "^7.0.7", "postcss-color-hex-alpha": "^10.0.0", "postcss-color-rebeccapurple": "^10.0.0", "postcss-custom-media": "^11.0.5", "postcss-custom-properties": "^14.0.4", "postcss-custom-selectors": "^8.0.4", "postcss-dir-pseudo-class": "^9.0.1", "postcss-double-position-gradients": "^6.0.0", "postcss-focus-visible": "^10.0.1", "postcss-focus-within": "^9.0.1", "postcss-font-variant": "^5.0.0", "postcss-gap-properties": "^6.0.0", "postcss-image-set-function": "^7.0.0", "postcss-lab-function": "^7.0.7", "postcss-logical": "^8.0.0", "postcss-nesting": "^13.0.1", "postcss-opacity-percentage": "^3.0.0", "postcss-overflow-shorthand": "^6.0.0", "postcss-page-break": "^3.0.4", "postcss-place": "^10.0.0", "postcss-pseudo-class-any-link": "^10.0.1", "postcss-replace-overflow-wrap": "^4.0.0", "postcss-selector-not": "^8.0.1" }, "peerDependencies": { "postcss": "^8.4" } }, "sha512-awWKS3CwyY7I4Eb3YSWOZisbj3qXyuQCrylYiu2vSHxnSZAj3LHStN6jOcpCrc6EjYunLwbeNto3M5/JBtXpzg=="],

    "postcss-pseudo-class-any-link": ["postcss-pseudo-class-any-link@10.0.1", "", { "dependencies": { "postcss-selector-parser": "^7.0.0" }, "peerDependencies": { "postcss": "^8.4" } }, "sha512-3el9rXlBOqTFaMFkWDOkHUTQekFIYnaQY55Rsp8As8QQkpiSgIYEcF/6Ond93oHiDsGb4kad8zjt+NPlOC1H0Q=="],

    "postcss-replace-overflow-wrap": ["postcss-replace-overflow-wrap@4.0.0", "", { "peerDependencies": { "postcss": "^8.0.3" } }, "sha512-KmF7SBPphT4gPPcKZc7aDkweHiKEEO8cla/GjcBK+ckKxiZslIu3C4GCRW3DNfL0o7yW7kMQu9xlZ1kXRXLXtw=="],

    "postcss-reporter": ["postcss-reporter@7.1.0", "", { "dependencies": { "picocolors": "^1.0.0", "thenby": "^1.3.4" }, "peerDependencies": { "postcss": "^8.1.0" } }, "sha512-/eoEylGWyy6/DOiMP5lmFRdmDKThqgn7D6hP2dXKJI/0rJSO1ADFNngZfDzxL0YAxFvws+Rtpuji1YIHj4mySA=="],

    "postcss-selector-not": ["postcss-selector-not@8.0.1", "", { "dependencies": { "postcss-selector-parser": "^7.0.0" }, "peerDependencies": { "postcss": "^8.4" } }, "sha512-kmVy/5PYVb2UOhy0+LqUYAhKj7DUGDpSWa5LZqlkWJaaAV+dxxsOG3+St0yNLu6vsKD7Dmqx+nWQt0iil89+WA=="],

    "postcss-selector-parser": ["postcss-selector-parser@7.1.0", "", { "dependencies": { "cssesc": "^3.0.0", "util-deprecate": "^1.0.2" } }, "sha512-8sLjZwK0R+JlxlYcTuVnyT2v+htpdrjDOKuMcOVdYjt52Lh8hWRYpxBPoKx/Zg+bcjc3wx6fmQevMmUztS/ccA=="],

    "postcss-value-parser": ["postcss-value-parser@4.2.0", "", {}, "sha512-1NNCs6uurfkVbeXG4S8JFT9t19m45ICnif8zWLd5oPSZ50QnwMfK+H3jv408d4jw/7Bttv5axS5IiHoLaVNHeQ=="],

    "pretty-hrtime": ["pretty-hrtime@1.0.3", "", {}, "sha512-66hKPCr+72mlfiSjlEB1+45IjXSqvVAIy6mocupoww4tBFE9R9IhwwUGoI4G++Tc9Aq+2rxOt0RFU6gPcrte0A=="],

    "queue-microtask": ["queue-microtask@1.2.3", "", {}, "sha512-NuaNSa6flKT5JaSYQzJok04JzTL1CA6aGhv5rfLW3PgqA+M2ChpZQnAC8h8i4ZFkBS8X5RqkDBHA7r4hej3K9A=="],

    "read-cache": ["read-cache@1.0.0", "", { "dependencies": { "pify": "^2.3.0" } }, "sha512-Owdv/Ft7IjOgm/i0xvNDZ1LrRANRfew4b2prF3OWMQLxLfu3bS8FVhCsrSCMK4lR56Y9ya+AThoTpDCTxCmpRA=="],

    "readdirp": ["readdirp@3.6.0", "", { "dependencies": { "picomatch": "^2.2.1" } }, "sha512-hOS089on8RduqdbhvQ5Z37A0ESjsqz6qnRcffsMU3495FuTdqSm+7bhJ29JvIOsBDEEnan5DPu9t3To9VRlMzA=="],

    "require-directory": ["require-directory@2.1.1", "", {}, "sha512-fGxEI7+wsG9xrvdjsrlmL22OMTTiHRwAMroiEeMgq8gzoLC/PQr7RsRDSTLUg/bZAZtF+TVIkHc6/4RIKrui+Q=="],

    "resolve": ["resolve@1.22.10", "", { "dependencies": { "is-core-module": "^2.16.0", "path-parse": "^1.0.7", "supports-preserve-symlinks-flag": "^1.0.0" }, "bin": { "resolve": "bin/resolve" } }, "sha512-NPRy+/ncIMeDlTAsuqwKIiferiawhefFJtkNSW0qZJEqMEb+qBt/77B/jGeeek+F0uOeN05CDa6HXbbIgtVX4w=="],

    "reusify": ["reusify@1.0.4", "", {}, "sha512-U9nH88a3fc/ekCF1l0/UP1IosiuIjyTh7hBvXVMHYgVcfGvt897Xguj2UOLDeI5BG2m7/uwyaLVT6fbtCwTyzw=="],

    "run-parallel": ["run-parallel@1.2.0", "", { "dependencies": { "queue-microtask": "^1.2.2" } }, "sha512-5l4VyZR86LZ/lDxZTR6jqL8AFE2S0IFLMP26AbjsLVADxHdhB/c0GUsH+y39UfCi3dzz8OlQuPmnaJOMoDHQBA=="],

    "simple-swizzle": ["simple-swizzle@0.2.2", "", { "dependencies": { "is-arrayish": "^0.3.1" } }, "sha512-JA//kQgZtbuY83m+xT+tXJkmJncGMTFT+C+g2h2R9uxkYIrE2yy9sgmcLhCnw57/WSD+Eh3J97FPEDFnbXnDUg=="],

    "slash": ["slash@5.1.0", "", {}, "sha512-ZA6oR3T/pEyuqwMgAKT0/hAv8oAXckzbkmR0UkUosQ+Mc4RxGoJkRmwHgHufaenlyAgE1Mxgpdcrf75y6XcnDg=="],

    "source-map": ["source-map@0.6.1", "", {}, "sha512-UjgapumWlbMhkBgzT7Ykc5YXUT46F0iKu8SGXq0bcwP5dz/h0Plj6enJqjz1Zbq2l5WaqYnrVbwWOWMyF3F47g=="],

    "source-map-js": ["source-map-js@1.2.1", "", {}, "sha512-UXWMKhLOwVKb728IUtQPXxfYU+usdybtUrK/8uGE8CQMvrhOpwvzDBwj0QhSL7MQc7vIsISBG8VQ8+IDQxpfQA=="],

    "string-width": ["string-width@4.2.3", "", { "dependencies": { "emoji-regex": "^8.0.0", "is-fullwidth-code-point": "^3.0.0", "strip-ansi": "^6.0.1" } }, "sha512-wKyQRQpjJ0sIp62ErSZdGsjMJWsap5oRNihHhu6G7JVO/9jIB6UyevL+tXuOqrng8j/cxKTWyWUwvSTriiZz/g=="],

    "strip-ansi": ["strip-ansi@6.0.1", "", { "dependencies": { "ansi-regex": "^5.0.1" } }, "sha512-Y38VPSHcqkFrCpFnQ9vuSXmquuv5oXOKpGeT6aGrr3o3Gc9AlVa6JBfUSOCnbxGGZF+/0ooI7KrPuUSztUdU5A=="],

    "supports-color": ["supports-color@5.5.0", "", { "dependencies": { "has-flag": "^3.0.0" } }, "sha512-QjVjwdXIt408MIiAqCX4oUKsgU2EqAGzs2Ppkm4aQYbjm+ZEWEcW4SfFNTr4uMNZma0ey4f5lgLrkB0aX0QMow=="],

    "supports-preserve-symlinks-flag": ["supports-preserve-symlinks-flag@1.0.0", "", {}, "sha512-ot0WnXS9fgdkgIcePe6RHNk1WA8+muPa6cSjeR3V8K27q9BB1rTE3R1p7Hv0z1ZyAc8s6Vvv8DIyWf681MAt0w=="],

    "thenby": ["thenby@1.3.4", "", {}, "sha512-89Gi5raiWA3QZ4b2ePcEwswC3me9JIg+ToSgtE0JWeCynLnLxNr/f9G+xfo9K+Oj4AFdom8YNJjibIARTJmapQ=="],

    "to-regex-range": ["to-regex-range@5.0.1", "", { "dependencies": { "is-number": "^7.0.0" } }, "sha512-65P7iz6X5yEr1cwcgvQxbbIw7Uk3gOy5dIdtZ4rDveLqhrdJP+Li/Hx6tyK0NEb+2GCyneCMJiGqrADCSNk8sQ=="],

    "unicorn-magic": ["unicorn-magic@0.3.0", "", {}, "sha512-+QBBXBCvifc56fsbuxZQ6Sic3wqqc3WWaqxs58gvJrcOuN83HGTCwz3oS5phzU9LthRNE9VrJCFCLUgHeeFnfA=="],

    "universalify": ["universalify@2.0.1", "", {}, "sha512-gptHNQghINnc/vTGIk0SOFGFNXw7JVrlRUtConJRlvaw6DuX0wO5Jeko9sWrMBhh+PsYAZ7oXAiOnf/UKogyiw=="],

    "update-browserslist-db": ["update-browserslist-db@1.1.2", "", { "dependencies": { "escalade": "^3.2.0", "picocolors": "^1.1.1" }, "peerDependencies": { "browserslist": ">= 4.21.0" }, "bin": { "update-browserslist-db": "cli.js" } }, "sha512-PPypAm5qvlD7XMZC3BujecnaOxwhrtoFR+Dqkk5Aa/6DssiH0ibKoketaj9w8LP7Bont1rYeoV5plxD7RTEPRg=="],

    "util-deprecate": ["util-deprecate@1.0.2", "", {}, "sha512-EPD5q1uXyFxJpCrLnCc1nHnq3gOa6DZBocAIiI2TaSCA7VCJ1UJDMagCzIkXNsUYfD1daK//LTEQ8xiIbrHtcw=="],

    "wrap-ansi": ["wrap-ansi@7.0.0", "", { "dependencies": { "ansi-styles": "^4.0.0", "string-width": "^4.1.0", "strip-ansi": "^6.0.0" } }, "sha512-YVGIj2kamLSTxw6NsZjoBxfSwsn0ycdesmc4p+Q21c5zPuZ1pl+NfxVdxPtdHvmNVOQ6XSYG4AUtyt/Fi7D16Q=="],

    "y18n": ["y18n@5.0.8", "", {}, "sha512-0pfFzegeDWJHJIAmTLRP2DwHjdF5s7jo9tuztdQxAhINCdvS+3nGINqPd00AphqJR/0LhANUS6/+7SCb98YOfA=="],

    "yaml": ["yaml@2.7.0", "", { "bin": { "yaml": "bin.mjs" } }, "sha512-+hSoy/QHluxmC9kCIJyL/uyFmLmc+e5CFR5Wa+bpIhIj85LVb9ZH2nVnqrHoSvKogwODv0ClqZkmiSSaIH5LTA=="],

    "yargs": ["yargs@17.7.2", "", { "dependencies": { "cliui": "^8.0.1", "escalade": "^3.1.1", "get-caller-file": "^2.0.5", "require-directory": "^2.1.1", "string-width": "^4.2.3", "y18n": "^5.0.5", "yargs-parser": "^21.1.1" } }, "sha512-7dSzzRQ++CKnNI/krKnYRV7JKKPUXMEh61soaHKg9mrWEhzFWhFnxPxGl+69cD1Ou63C13NUPCnmIcrvqCuM6w=="],

    "yargs-parser": ["yargs-parser@21.1.1", "", {}, "sha512-tVpsJW7DdjecAiFpbIB1e3qxIQsE6NoPc5/eTdrbbIC4h0LVsWhnoa3g+m2HclBIujHzsxZ4VJVA+GUuc2/LBw=="],

    "color-string/color-name": ["color-name@1.1.4", "", {}, "sha512-dOy+3AuW3a2wNbZHIuMZpTcgjGuLU/uBL/ubcZF9OXbDo8ff4O8yVp5Bf0efS8uEoYo5q4Fx7dY9OgQGXgAsQA=="],

    "postcss-apply/postcss": ["postcss@7.0.39", "", { "dependencies": { "picocolors": "^0.2.1", "source-map": "^0.6.1" } }, "sha512-yioayjNbHn6z1/Bywyb2Y4s3yvDAeXGOyxqD+LnVOinq6Mdmd++SW2wUNVzavyyHxd6+DxzWGIuosg6P1Rj8uA=="],

    "postcss-color-alpha/postcss": ["postcss@6.0.23", "", { "dependencies": { "chalk": "^2.4.1", "source-map": "^0.6.1", "supports-color": "^5.4.0" } }, "sha512-soOk1h6J3VMTZtVeVpv15/Hpdl2cBLX3CAw4TAbkpTJiNPk9YP/zWcD1ND+xEtvyuuvKzbxliTOIyvkSeSJ6ag=="],

    "wrap-ansi/ansi-styles": ["ansi-styles@4.3.0", "", { "dependencies": { "color-convert": "^2.0.1" } }, "sha512-zbB9rCJAT1rbjiVDb2hqKFHNYLxgtk8NURxZ3IZwD3F6NtxbXZQCnnSi1Lkx+IDohdPlFp222wVALIheZJQSEg=="],

    "postcss-apply/postcss/picocolors": ["picocolors@0.2.1", "", {}, "sha512-cMlDqaLEqfSaW8Z7N5Jw+lyIW869EzT73/F5lhtY9cLGoVxSXznfgfXMO0Z5K0o0Q2TkTXq+0KFsdnSe3jDViA=="],

    "wrap-ansi/ansi-styles/color-convert": ["color-convert@2.0.1", "", { "dependencies": { "color-name": "~1.1.4" } }, "sha512-RRECPsj7iu/xb5oKYcsFHSppFNnsj/52OVTRKb4zP5onXwVF3zVmmToNcOfGC+CRDpfK/U584fMg38ZHCaElKQ=="],

    "wrap-ansi/ansi-styles/color-convert/color-name": ["color-name@1.1.4", "", {}, "sha512-dOy+3AuW3a2wNbZHIuMZpTcgjGuLU/uBL/ubcZF9OXbDo8ff4O8yVp5Bf0efS8uEoYo5q4Fx7dY9OgQGXgAsQA=="],
  }
}
